
Microsoft Visual Studio Solution File, Format Version 12.00
Project("{FAE04EC0-301F-11D3-BF4B-00C04F79EFBC}") = "day-1", "day-1\day-1.csproj", "{3F8BBA80-2B25-495E-A3A6-77EAE46F23DC}"
EndProject
Project("{FAE04EC0-301F-11D3-BF4B-00C04F79EFBC}") = "day-2", "day-2\day-2.csproj", "{29DC1927-EA26-4A16-ACCC-BB81610E2A46}"
EndProject
Project("{FAE04EC0-301F-11D3-BF4B-00C04F79EFBC}") = "day-3", "day-3\day-3.csproj", "{30B4F43D-E38B-42B6-B918-81E99FBA2895}"
EndProject
Project("{FAE04EC0-301F-11D3-BF4B-00C04F79EFBC}") = "day-4", "day-4\day-4.csproj", "{51C88B9D-1329-4B34-BFF4-3DBAA1F6C395}"
EndProject
Project("{FAE04EC0-301F-11D3-BF4B-00C04F79EFBC}") = "day-5", "day-5\day-5.csproj", "{9BDF2C63-3BB6-41D5-91E3-CEB31EB40341}"
EndProject
Project("{FAE04EC0-301F-11D3-BF4B-00C04F79EFBC}") = "day-6", "day-6\day-6.csproj", "{A542FE53-D5FD-4719-BDD1-0F39CC3F1CE3}"
EndProject
Global
	GlobalSection(SolutionConfigurationPlatforms) = preSolution
		Debug|Any CPU = Debug|Any CPU
		Release|Any CPU = Release|Any CPU
	EndGlobalSection
	GlobalSection(ProjectConfigurationPlatforms) = postSolution
		{3F8BBA80-2B25-495E-A3A6-77EAE46F23DC}.Debug|Any CPU.ActiveCfg = Debug|Any CPU
		{3F8BBA80-2B25-495E-A3A6-77EAE46F23DC}.Debug|Any CPU.Build.0 = Debug|Any CPU
		{3F8BBA80-2B25-495E-A3A6-77EAE46F23DC}.Release|Any CPU.ActiveCfg = Release|Any CPU
		{3F8BBA80-2B25-495E-A3A6-77EAE46F23DC}.Release|Any CPU.Build.0 = Release|Any CPU
		{29DC1927-EA26-4A16-ACCC-BB81610E2A46}.Debug|Any CPU.ActiveCfg = Debug|Any CPU
		{29DC1927-EA26-4A16-ACCC-BB81610E2A46}.Debug|Any CPU.Build.0 = Debug|Any CPU
		{29DC1927-EA26-4A16-ACCC-BB81610E2A46}.Release|Any CPU.ActiveCfg = Release|Any CPU
		{29DC1927-EA26-4A16-ACCC-BB81610E2A46}.Release|Any CPU.Build.0 = Release|Any CPU
		{30B4F43D-E38B-42B6-B918-81E99FBA2895}.Debug|Any CPU.ActiveCfg = Debug|Any CPU
		{30B4F43D-E38B-42B6-B918-81E99FBA2895}.Debug|Any CPU.Build.0 = Debug|Any CPU
		{30B4F43D-E38B-42B6-B918-81E99FBA2895}.Release|Any CPU.ActiveCfg = Release|Any CPU
		{30B4F43D-E38B-42B6-B918-81E99FBA2895}.Release|Any CPU.Build.0 = Release|Any CPU
		{51C88B9D-1329-4B34-BFF4-3DBAA1F6C395}.Debug|Any CPU.ActiveCfg = Debug|Any CPU
		{51C88B9D-1329-4B34-BFF4-3DBAA1F6C395}.Debug|Any CPU.Build.0 = Debug|Any CPU
		{51C88B9D-1329-4B34-BFF4-3DBAA1F6C395}.Release|Any CPU.ActiveCfg = Release|Any CPU
		{51C88B9D-1329-4B34-BFF4-3DBAA1F6C395}.Release|Any CPU.Build.0 = Release|Any CPU
		{9BDF2C63-3BB6-41D5-91E3-CEB31EB40341}.Debug|Any CPU.ActiveCfg = Debug|Any CPU
		{9BDF2C63-3BB6-41D5-91E3-CEB31EB40341}.Debug|Any CPU.Build.0 = Debug|Any CPU
		{9BDF2C63-3BB6-41D5-91E3-CEB31EB40341}.Release|Any CPU.ActiveCfg = Release|Any CPU
		{9BDF2C63-3BB6-41D5-91E3-CEB31EB40341}.Release|Any CPU.Build.0 = Release|Any CPU
		{A542FE53-D5FD-4719-BDD1-0F39CC3F1CE3}.Debug|Any CPU.ActiveCfg = Debug|Any CPU
		{A542FE53-D5FD-4719-BDD1-0F39CC3F1CE3}.Debug|Any CPU.Build.0 = Debug|Any CPU
		{A542FE53-D5FD-4719-BDD1-0F39CC3F1CE3}.Release|Any CPU.ActiveCfg = Release|Any CPU
		{A542FE53-D5FD-4719-BDD1-0F39CC3F1CE3}.Release|Any CPU.Build.0 = Release|Any CPU
	EndGlobalSection
EndGlobal
